
Microsoft Visual Studio Solution File, Format Version 12.00
# Visual Studio Version 17
VisualStudioVersion = 17.5.002.0
MinimumVisualStudioVersion = 10.0.40219.1
Project("{9A19103F-16F7-4668-BE54-9A1E7A4F7556}") = "learning_one", "learning_one.csproj", "{F62CB924-A7CD-4B58-90C7-2C6AAE2DBDA9}"
EndProject
Global
	GlobalSection(SolutionConfigurationPlatforms) = preSolution
		Debug|Any CPU = Debug|Any CPU
		Release|Any CPU = Release|Any CPU
	EndGlobalSection
	GlobalSection(ProjectConfigurationPlatforms) = postSolution
		{F62CB924-A7CD-4B58-90C7-2C6AAE2DBDA9}.Debug|Any CPU.ActiveCfg = Debug|Any CPU
		{F62CB924-A7CD-4B58-90C7-2C6AAE2DBDA9}.Debug|Any CPU.Build.0 = Debug|Any CPU
		{F62CB924-A7CD-4B58-90C7-2C6AAE2DBDA9}.Release|Any CPU.ActiveCfg = Release|Any CPU
		{F62CB924-A7CD-4B58-90C7-2C6AAE2DBDA9}.Release|Any CPU.Build.0 = Release|Any CPU
	EndGlobalSection
	GlobalSection(SolutionProperties) = preSolution
		HideSolutionNode = FALSE
	EndGlobalSection
	GlobalSection(ExtensibilityGlobals) = postSolution
		SolutionGuid = {BA5235F9-70BE-41F7-AFB6-A86FE9FBAABD}
	EndGlobalSection
EndGlobal
